
Microsoft Visual Studio Solution File, Format Version 11.00
# Visual Studio 2010
Project("{8BC9CEB8-8B4A-11D0-8D11-00A0C91BC942}") = "collabreate", "collabreate.vcxproj", "{E99929AE-83BD-4986-935A-B4D1BEF486D2}"
EndProject
Global
	GlobalSection(SolutionConfigurationPlatforms) = preSolution
		Debug|Win32 = Debug|Win32
		Release|Win32 = Release|Win32
		Release64|Win32 = Release64|Win32
	EndGlobalSection
	GlobalSection(ProjectConfigurationPlatforms) = postSolution
		{E99929AE-83BD-4986-935A-B4D1BEF486D2}.Debug|Win32.ActiveCfg = Debug|Win32
		{E99929AE-83BD-4986-935A-B4D1BEF486D2}.Debug|Win32.Build.0 = Debug|Win32
		{E99929AE-83BD-4986-935A-B4D1BEF486D2}.Release|Win32.ActiveCfg = Release|Win32
		{E99929AE-83BD-4986-935A-B4D1BEF486D2}.Release|Win32.Build.0 = Release|Win32
		{E99929AE-83BD-4986-935A-B4D1BEF486D2}.Release64|Win32.ActiveCfg = Release64|Win32
		{E99929AE-83BD-4986-935A-B4D1BEF486D2}.Release64|Win32.Build.0 = Release64|Win32
	EndGlobalSection
	GlobalSection(SolutionProperties) = preSolution
		HideSolutionNode = FALSE
	EndGlobalSection
EndGlobal
